
Microsoft Visual Studio Solution File, Format Version 12.00
# Visual Studio Version 17
VisualStudioVersion = 17.11.35312.102
MinimumVisualStudioVersion = 10.0.40219.1
Project("{FAE04EC0-301F-11D3-BF4B-00C04F79EFBC}") = "VentasporComision", "VentasporComision.csproj", "{66DBD076-FE2F-4EB2-BB60-63156F7F8CA3}"
EndProject
Global
	GlobalSection(SolutionConfigurationPlatforms) = preSolution
		Debug|Any CPU = Debug|Any CPU
		Release|Any CPU = Release|Any CPU
	EndGlobalSection
	GlobalSection(ProjectConfigurationPlatforms) = postSolution
		{66DBD076-FE2F-4EB2-BB60-63156F7F8CA3}.Debug|Any CPU.ActiveCfg = Debug|Any CPU
		{66DBD076-FE2F-4EB2-BB60-63156F7F8CA3}.Debug|Any CPU.Build.0 = Debug|Any CPU
		{66DBD076-FE2F-4EB2-BB60-63156F7F8CA3}.Release|Any CPU.ActiveCfg = Release|Any CPU
		{66DBD076-FE2F-4EB2-BB60-63156F7F8CA3}.Release|Any CPU.Build.0 = Release|Any CPU
	EndGlobalSection
	GlobalSection(SolutionProperties) = preSolution
		HideSolutionNode = FALSE
	EndGlobalSection
	GlobalSection(ExtensibilityGlobals) = postSolution
		SolutionGuid = {18762044-4C4F-41DF-ADF0-09FA7A3E9A8E}
	EndGlobalSection
EndGlobal
