
Microsoft Visual Studio Solution File, Format Version 12.00
# Visual Studio Version 17
VisualStudioVersion = 17.11.35208.52
MinimumVisualStudioVersion = 10.0.40219.1
Project("{FAE04EC0-301F-11D3-BF4B-00C04F79EFBC}") = "ProbabilidadDeDados", "ProbabilidadDeDados\ProbabilidadDeDados.csproj", "{B62C0AE0-D8FF-4B0D-92E7-2E51B52D517C}"
EndProject
Global
	GlobalSection(SolutionConfigurationPlatforms) = preSolution
		Debug|Any CPU = Debug|Any CPU
		Release|Any CPU = Release|Any CPU
	EndGlobalSection
	GlobalSection(ProjectConfigurationPlatforms) = postSolution
		{B62C0AE0-D8FF-4B0D-92E7-2E51B52D517C}.Debug|Any CPU.ActiveCfg = Debug|Any CPU
		{B62C0AE0-D8FF-4B0D-92E7-2E51B52D517C}.Debug|Any CPU.Build.0 = Debug|Any CPU
		{B62C0AE0-D8FF-4B0D-92E7-2E51B52D517C}.Release|Any CPU.ActiveCfg = Release|Any CPU
		{B62C0AE0-D8FF-4B0D-92E7-2E51B52D517C}.Release|Any CPU.Build.0 = Release|Any CPU
	EndGlobalSection
	GlobalSection(SolutionProperties) = preSolution
		HideSolutionNode = FALSE
	EndGlobalSection
	GlobalSection(ExtensibilityGlobals) = postSolution
		SolutionGuid = {264852F4-1C18-4C58-B3EF-03CFCC385E90}
	EndGlobalSection
EndGlobal
